<Solution>
  <Folder Name="/backend/">
    <Project Path="backend/FiTrack.API/FiTrack.API.csproj" />
    <Project Path="backend/FiTrack.Application/FiTrack.Application.csproj" />
    <Project Path="backend/FiTrack.Domain/FiTrack.Domain.csproj" />
    <Project Path="backend/FiTrack.Infrastructure/FiTrack.Infrastructure.csproj" />
  </Folder>
</Solution>
